
Microsoft Visual Studio Solution File, Format Version 12.00
# Visual Studio Version 17
VisualStudioVersion = 17.8.34330.188
MinimumVisualStudioVersion = 10.0.40219.1
Project("{9A19103F-16F7-4668-BE54-9A1E7A4F7556}") = "DataLibrary", "DataLibrary\DataLibrary.csproj", "{6E5F0FC8-449C-4336-975B-E2A72605A2C7}"
EndProject
Project("{9A19103F-16F7-4668-BE54-9A1E7A4F7556}") = "WebAPI", "WebAPI\WebAPI.csproj", "{2D503B6A-F13F-4CB8-B516-9FF0DC66CC53}"
EndProject
Project("{FAE04EC0-301F-11D3-BF4B-00C04F79EFBC}") = "Blazor", "Blazor\Blazor.csproj", "{00F4F097-81CC-4BD7-B448-E543E614903D}"
EndProject
Global
	GlobalSection(SolutionConfigurationPlatforms) = preSolution
		Debug|Any CPU = Debug|Any CPU
		Release|Any CPU = Release|Any CPU
	EndGlobalSection
	GlobalSection(ProjectConfigurationPlatforms) = postSolution
		{6E5F0FC8-449C-4336-975B-E2A72605A2C7}.Debug|Any CPU.ActiveCfg = Debug|Any CPU
		{6E5F0FC8-449C-4336-975B-E2A72605A2C7}.Debug|Any CPU.Build.0 = Debug|Any CPU
		{6E5F0FC8-449C-4336-975B-E2A72605A2C7}.Release|Any CPU.ActiveCfg = Release|Any CPU
		{6E5F0FC8-449C-4336-975B-E2A72605A2C7}.Release|Any CPU.Build.0 = Release|Any CPU
		{2D503B6A-F13F-4CB8-B516-9FF0DC66CC53}.Debug|Any CPU.ActiveCfg = Debug|Any CPU
		{2D503B6A-F13F-4CB8-B516-9FF0DC66CC53}.Debug|Any CPU.Build.0 = Debug|Any CPU
		{2D503B6A-F13F-4CB8-B516-9FF0DC66CC53}.Release|Any CPU.ActiveCfg = Release|Any CPU
		{2D503B6A-F13F-4CB8-B516-9FF0DC66CC53}.Release|Any CPU.Build.0 = Release|Any CPU
		{00F4F097-81CC-4BD7-B448-E543E614903D}.Debug|Any CPU.ActiveCfg = Debug|Any CPU
		{00F4F097-81CC-4BD7-B448-E543E614903D}.Debug|Any CPU.Build.0 = Debug|Any CPU
		{00F4F097-81CC-4BD7-B448-E543E614903D}.Release|Any CPU.ActiveCfg = Release|Any CPU
		{00F4F097-81CC-4BD7-B448-E543E614903D}.Release|Any CPU.Build.0 = Release|Any CPU
	EndGlobalSection
	GlobalSection(SolutionProperties) = preSolution
		HideSolutionNode = FALSE
	EndGlobalSection
	GlobalSection(ExtensibilityGlobals) = postSolution
		SolutionGuid = {FF08B239-B4FB-4087-943A-630127B82955}
	EndGlobalSection
EndGlobal
